
Microsoft Visual Studio Solution File, Format Version 12.00
# Visual Studio Version 16
VisualStudioVersion = 16.0.30804.86
MinimumVisualStudioVersion = 10.0.40219.1
Project("{FAE04EC0-301F-11D3-BF4B-00C04F79EFBC}") = "SalesWebApi", "SalesWebApi\SalesWebApi.csproj", "{4B892D78-0335-4397-9204-C029CC49D5AC}"
EndProject
Global
	GlobalSection(SolutionConfigurationPlatforms) = preSolution
		Debug|Any CPU = Debug|Any CPU
		Release|Any CPU = Release|Any CPU
	EndGlobalSection
	GlobalSection(ProjectConfigurationPlatforms) = postSolution
		{4B892D78-0335-4397-9204-C029CC49D5AC}.Debug|Any CPU.ActiveCfg = Debug|Any CPU
		{4B892D78-0335-4397-9204-C029CC49D5AC}.Debug|Any CPU.Build.0 = Debug|Any CPU
		{4B892D78-0335-4397-9204-C029CC49D5AC}.Release|Any CPU.ActiveCfg = Release|Any CPU
		{4B892D78-0335-4397-9204-C029CC49D5AC}.Release|Any CPU.Build.0 = Release|Any CPU
	EndGlobalSection
	GlobalSection(SolutionProperties) = preSolution
		HideSolutionNode = FALSE
	EndGlobalSection
	GlobalSection(ExtensibilityGlobals) = postSolution
		SolutionGuid = {E117CB43-F453-4463-9B83-DAD6B3E7AC22}
	EndGlobalSection
EndGlobal
